
Microsoft Visual Studio Solution File, Format Version 12.00
# Visual Studio 2012
Project("{FAE04EC0-301F-11D3-BF4B-00C04F79EFBC}") = "NFCService", "NFCService.csproj", "{526EAAD6-6A00-4007-BCD2-6430722BA32A}"
EndProject
Global
	GlobalSection(SolutionConfigurationPlatforms) = preSolution
		Debug|Any CPU = Debug|Any CPU
		Release|Any CPU = Release|Any CPU
	EndGlobalSection
	GlobalSection(ProjectConfigurationPlatforms) = postSolution
		{526EAAD6-6A00-4007-BCD2-6430722BA32A}.Debug|Any CPU.ActiveCfg = Debug|Any CPU
		{526EAAD6-6A00-4007-BCD2-6430722BA32A}.Debug|Any CPU.Build.0 = Debug|Any CPU
		{526EAAD6-6A00-4007-BCD2-6430722BA32A}.Release|Any CPU.ActiveCfg = Release|Any CPU
		{526EAAD6-6A00-4007-BCD2-6430722BA32A}.Release|Any CPU.Build.0 = Release|Any CPU
	EndGlobalSection
	GlobalSection(SolutionProperties) = preSolution
		HideSolutionNode = FALSE
	EndGlobalSection
EndGlobal
